<?xml version="1.0" encoding="utf-8"?>
<Project ToolsVersion="4.0" xmlns="http://schemas.microsoft.com/developer/msbuild/2003">
  <ItemGroup>
    <Filter Include="Source Files">
      <UniqueIdentifier>{4FC737F1-C7A5-4376-A066-2A32D752A2FF}</UniqueIdentifier>
      <Extensions>cpp;c;cc;cxx;c++;cppm;ixx;def;odl;idl;hpj;bat;asm;asmx</Extensions>
    </Filter>
    <Filter Include="Header Files">
      <UniqueIdentifier>{93995380-89BD-4b04-88EB-625FBE52EBFB}</UniqueIdentifier>
      <Extensions>h;hh;hpp;hxx;h++;hm;inl;inc;ipp;xsd</Extensions>
    </Filter>
    <Filter Include="Resource Files">
      <UniqueIdentifier>{67DA6AB6-F800-4c08-8B7A-83BB121AAD01}</UniqueIdentifier>
      <Extensions>rc;ico;cur;bmp;dlg;rc2;rct;bin;rgs;gif;jpg;jpeg;jpe;resx;tiff;tif;png;wav;mfcribbon-ms</Extensions>
    </Filter>
    <Filter Include="Source Files\Rendering">
      <UniqueIdentifier>{F1E8B947-2C5A-4D3B-9F7E-8A6C4B5D3E2F}</UniqueIdentifier>
    </Filter>
    <Filter Include="Header Files\Rendering">
      <UniqueIdentifier>{A2D7C958-3B6F-4E8C-9A1B-7C5D8E4F9A0B}</UniqueIdentifier>
    </Filter>
    <Filter Include="External Libraries">
      <UniqueIdentifier>{B3E8CA69-4C7D-5F9E-8B2C-9D6E7F5A8B1C}</UniqueIdentifier>
    </Filter>
    <Filter Include="External Libraries\ImGui">
      <UniqueIdentifier>{C4F9DB7A-5D8E-6A0F-9C3D-AE7F8A9C2D3E}</UniqueIdentifier>
    </Filter>
    <Filter Include="External Libraries\MinHook">
      <UniqueIdentifier>{D5A0EC8B-6E9F-7B1A-AD4E-BF8A9B0D3E4F}</UniqueIdentifier>
    </Filter>
    <Filter Include="External Libraries\MinHook\HDE">
      <UniqueIdentifier>{E6B1FD9C-7FA0-8C2B-BE5F-CA9BAC1E4F5A}</UniqueIdentifier>
    </Filter>
  </ItemGroup>
  
  <!-- Main Source Files -->
  <ItemGroup>
    <ClCompile Include="SecretiveRendering\dllmain.cpp">
      <Filter>Source Files</Filter>
    </ClCompile>
    <ClCompile Include="SecretiveRendering\Rendering\basicHook.cpp">
      <Filter>Source Files\Rendering</Filter>
    </ClCompile>
    <ClCompile Include="SecretiveRendering\Rendering\imguiHook.cpp">
      <Filter>Source Files\Rendering</Filter>
    </ClCompile>
  </ItemGroup>
  
  <!-- Main Header Files -->
  <ItemGroup>
    <ClInclude Include="SecretiveRendering\dllmain.h">
      <Filter>Header Files</Filter>
    </ClInclude>
    <ClInclude Include="SecretiveRendering\debugMessage.h">
      <Filter>Header Files</Filter>
    </ClInclude>
    <ClInclude Include="SecretiveRendering\findpattern.h">
      <Filter>Header Files</Filter>
    </ClInclude>
    <ClInclude Include="SecretiveRendering\Rendering\basicHook.h">
      <Filter>Header Files\Rendering</Filter>
    </ClInclude>
    <ClInclude Include="SecretiveRendering\Rendering\imguiHook.h">
      <Filter>Header Files\Rendering</Filter>
    </ClInclude>
  </ItemGroup>
  
  <!-- ImGui Files -->
  <ItemGroup>
    <ClCompile Include="imgui\imgui.cpp">
      <Filter>External Libraries\ImGui</Filter>
    </ClCompile>
    <ClCompile Include="imgui\imgui_draw.cpp">
      <Filter>External Libraries\ImGui</Filter>
    </ClCompile>
    <ClCompile Include="imgui\imgui_tables.cpp">
      <Filter>External Libraries\ImGui</Filter>
    </ClCompile>
    <ClCompile Include="imgui\imgui_widgets.cpp">
      <Filter>External Libraries\ImGui</Filter>
    </ClCompile>
    <ClCompile Include="imgui\backends\imgui_impl_dx9.cpp">
      <Filter>External Libraries\ImGui</Filter>
    </ClCompile>
    <ClCompile Include="imgui\backends\imgui_impl_win32.cpp">
      <Filter>External Libraries\ImGui</Filter>
    </ClCompile>
    <ClInclude Include="imgui\imconfig.h">
      <Filter>External Libraries\ImGui</Filter>
    </ClInclude>
    <ClInclude Include="imgui\imgui.h">
      <Filter>External Libraries\ImGui</Filter>
    </ClInclude>
    <ClInclude Include="imgui\imgui_internal.h">
      <Filter>External Libraries\ImGui</Filter>
    </ClInclude>
    <ClInclude Include="imgui\backends\imgui_impl_dx9.h">
      <Filter>External Libraries\ImGui</Filter>
    </ClInclude>
    <ClInclude Include="imgui\backends\imgui_impl_win32.h">
      <Filter>External Libraries\ImGui</Filter>
    </ClInclude>
    <ClInclude Include="imgui\imstb_rectpack.h">
      <Filter>External Libraries\ImGui</Filter>
    </ClInclude>
    <ClInclude Include="imgui\imstb_textedit.h">
      <Filter>External Libraries\ImGui</Filter>
    </ClInclude>
    <ClInclude Include="imgui\imstb_truetype.h">
      <Filter>External Libraries\ImGui</Filter>
    </ClInclude>
  </ItemGroup>
  
  <!-- MinHook Files -->
  <ItemGroup>
    <ClCompile Include="minhook\src\buffer.c">
      <Filter>External Libraries\MinHook</Filter>
    </ClCompile>
    <ClCompile Include="minhook\src\hook.c">
      <Filter>External Libraries\MinHook</Filter>
    </ClCompile>
    <ClCompile Include="minhook\src\trampoline.c">
      <Filter>External Libraries\MinHook</Filter>
    </ClCompile>
    <ClCompile Include="minhook\src\hde\hde32.c">
      <Filter>External Libraries\MinHook\HDE</Filter>
    </ClCompile>
    <ClCompile Include="minhook\src\hde\hde64.c">
      <Filter>External Libraries\MinHook\HDE</Filter>
    </ClCompile>
    <ClInclude Include="minhook\include\MinHook.h">
      <Filter>External Libraries\MinHook</Filter>
    </ClInclude>
    <ClInclude Include="minhook\src\buffer.h">
      <Filter>External Libraries\MinHook</Filter>
    </ClInclude>
    <ClInclude Include="minhook\src\trampoline.h">
      <Filter>External Libraries\MinHook</Filter>
    </ClInclude>
    <ClInclude Include="minhook\src\hde\hde32.h">
      <Filter>External Libraries\MinHook\HDE</Filter>
    </ClInclude>
    <ClInclude Include="minhook\src\hde\hde64.h">
      <Filter>External Libraries\MinHook\HDE</Filter>
    </ClInclude>
    <ClInclude Include="minhook\src\hde\pstdint.h">
      <Filter>External Libraries\MinHook\HDE</Filter>
    </ClInclude>
    <ClInclude Include="minhook\src\hde\table32.h">
      <Filter>External Libraries\MinHook\HDE</Filter>
    </ClInclude>
    <ClInclude Include="minhook\src\hde\table64.h">
      <Filter>External Libraries\MinHook\HDE</Filter>
    </ClInclude>
  </ItemGroup>
</Project>